{
  "version": 4,
  "terraform_version": "1.7.5",
  "serial": 295,
  "lineage": "566a4fd7-1e04-9083-7856-566c35900dc4",
  "outputs": {
    "alb_dns_name": {
      "value": "http://tkt-capstone-alb-843667127.us-east-1.elb.amazonaws.com",
      "type": "string"
    },
    "alb_hostname": {
      "value": "tkt-capstone-alb-843667127.us-east-1.elb.amazonaws.com",
      "type": "string"
    },
    "attachments_bucket_name": {
      "value": "ticketdesk-attachments-20260816185624901900000002",
      "type": "string"
    },
    "cloudwatch_dashboard_name": {
      "value": "tkt-capstone-observability-dashboard",
      "type": "string"
    },
    "cloudwatch_log_group": {
      "value": "/ecs/tkt-capstone-task",
      "type": "string"
    },
    "ecs_cluster_name": {
      "value": "tkt-capstone-cluster",
      "type": "string"
    },
    "ecs_service_name": {
      "value": "tkt-capstone-service",
      "type": "string"
    },
    "lambda_function_name": {
      "value": "tkt-capstone-thumbnail-generator",
      "type": "string"
    },
    "private_subnet_ids": {
      "value": [
        "subnet-048408b508591f7e1",
        "subnet-0a423ce394ec6aec1"
      ],
      "type": [
        "tuple",
        [
          "string",
          "string"
        ]
      ]
    },
    "public_subnet_ids": {
      "value": [
        "subnet-03b5ab55d0c1b2715",
        "subnet-00e3fc4aca380c16b"
      ],
      "type": [
        "tuple",
        [
          "string",
          "string"
        ]
      ]
    },
    "s3_bucket_name": {
      "value": "ticketdesk-ui-frontend-20260816185624901700000001",
      "type": "string"
    },
    "s3_website_endpoint": {
      "value": "ticketdesk-ui-frontend-20260816185624901700000001.s3-website-us-east-1.amazonaws.com",
      "type": "string"
    },
    "secretsmanager_db_credentials_arn": {
      "value": "arn:aws:secretsmanager:us-east-1:088668668282:secret:tkt-capstone-db-secret-20260816185626159400000003-370y8z",
      "type": "string"
    },
    "sns_alerts_topic_arn": {
      "value": "arn:aws:sns:us-east-1:088668668282:tkt-capstone-cloudwatch-alerts-topic",
      "type": "string"
    },
    "ssm_jwt_secret_arn": {
      "value": "arn:aws:ssm:us-east-1:088668668282:parameter/tkt-capstone/JWT_SECRET",
      "type": "string"
    },
    "vpc_id": {
      "value": "vpc-01c2960d7587b714b",
      "type": "string"
    }
  },
  "resources": [
    {
      "mode": "data",
      "type": "archive_file",
      "name": "lambda_zip",
      "provider": "provider[\"registry.terraform.io/hashicorp/archive\"]",
      "instances": [
        {
          "schema_version": 0,
          "attributes": {
            "exclude_symlink_directories": null,
            "excludes": [
              "thumbnail.zip"
            ],
            "id": "6bbe6f43397f5f9192870b13ee255c2d3055f8f6",
            "output_base64sha256": "CiU1koUV+Xb9Ry6UgLTMw+R6o3rDpMn0qcIT3csjECE=",
            "output_base64sha512": "GNV2FENQMJiX5iHrnksx04YYf3ijuYPP5VlRfMFWiMNmbEi4fbh/jCJt+mVQtBLEqGAdMExJBQA6evlRHlCJ7g==",
            "output_file_mode": null,
            "output_md5": "d608bd5503640528069cd33b5bd8a7aa",
            "output_path": "./../lambda/thumbnail.zip",
            "output_sha": "6bbe6f43397f5f9192870b13ee255c2d3055f8f6",
            "output_sha256": "0a2535928515f976fd472e9480b4ccc3e47aa37ac3a4c9f4a9c213ddcb231021",
            "output_sha512": "18d576144350309897e621eb9e4b31d386187f78a3b983cfe559517cc15688c3666c48b87db87f8c226dfa6550b412c4a8601d304c4905003a7af9511e5089ee",
            "output_size": 1312,
            "source": [],
            "source_content": null,
            "source_content_filename": null,
            "source_dir": "./../lambda",
            "source_file": null,
            "type": "zip"
          },
          "sensitive_attributes": []
        }
      ]
    },
    {
      "mode": "managed",
      "type": "aws_cloudwatch_log_group",
      "name": "ecs",
      "provider": "provider[\"registry.terraform.io/hashicorp/aws\"]",
      "instances": [
        {
          "schema_version": 0,
          "attributes": {
            "arn": "arn:aws:logs:us-east-1:088668668282:log-group:/ecs/tkt-capstone-task",
            "id": "/ecs/tkt-capstone-task",
            "kms_key_id": "",
            "log_group_class": "STANDARD",
            "name": "/ecs/tkt-capstone-task",
            "name_prefix": "",
            "retention_in_days": 30,
            "skip_destroy": false,
            "tags": {
              "Name": "tkt-capstone-ecs-log-group"
            },
            "tags_all": {
              "CostCenter": "Education-Capstone",
              "Environment": "dev",
              "ManagedBy": "Terraform",
              "Name": "tkt-capstone-ecs-log-group",
              "Owner": "Capstone-Engineering",
              "Project": "TicketDesk"
            }
          },
          "sensitive_attributes": [],
          "private": "bnVsbA=="
        }
      ]
    },
    {
      "mode": "managed",
      "type": "aws_cloudwatch_metric_alarm",
      "name": "http_5xx",
      "provider": "provider[\"registry.terraform.io/hashicorp/aws\"]",
      "instances": [
        {
          "schema_version": 1,
          "attributes": {
            "actions_enabled": true,
            "alarm_actions": [
              "arn:aws:sns:us-east-1:088668668282:tkt-capstone-cloudwatch-alerts-topic"
            ],
            "alarm_description": "",
            "alarm_name": "tkt-capstone-alb-target-5xx-errors",
            "arn": "arn:aws:cloudwatch:us-east-1:088668668282:alarm:tkt-capstone-alb-target-5xx-errors",
            "comparison_operator": "GreaterThanThreshold",
            "datapoints_to_alarm": 0,
            "dimensions": {
              "LoadBalancer": "app/tkt-capstone-alb/51e8a6b0f4a9a28f"
            },
            "evaluate_low_sample_count_percentiles": "",
            "evaluation_periods": 1,
            "extended_statistic": "",
            "id": "tkt-capstone-alb-target-5xx-errors",
            "insufficient_data_actions": null,
            "metric_name": "HTTPCode_Target_5XX_Count",
            "metric_query": [],
            "namespace": "AWS/ApplicationELB",
            "ok_actions": null,
            "period": 60,
            "statistic": "Sum",
            "tags": null,
            "tags_all": {
              "CostCenter": "Education-Capstone",
              "Environment": "dev",
              "ManagedBy": "Terraform",
              "Owner": "Capstone-Engineering",
              "Project": "TicketDesk"
            },
            "threshold": 5,
            "threshold_metric_id": "",
            "treat_missing_data": "missing",
            "unit": ""
          },
          "sensitive_attributes": [],
          "private": "eyJzY2hlbWFfdmVyc2lvbiI6IjEifQ==",
          "dependencies": [
            "aws_lb.main",
            "aws_security_group.alb",
            "aws_sns_topic.alerts",
            "aws_subnet.public",
            "aws_vpc.main"
          ]
        }
      ]
    },
    {
      "mode": "managed",
      "type": "aws_cloudwatch_metric_alarm",
      "name": "unhealthy_targets",
      "provider": "provider[\"registry.terraform.io/hashicorp/aws\"]",
      "instances": [
        {
          "schema_version": 1,
          "attributes": {
            "actions_enabled": true,
            "alarm_actions": [
              "arn:aws:sns:us-east-1:088668668282:tkt-capstone-cloudwatch-alerts-topic"
            ],
            "alarm_description": "",
            "alarm_name": "tkt-capstone-unhealthy-target-hosts",
            "arn": "arn:aws:cloudwatch:us-east-1:088668668282:alarm:tkt-capstone-unhealthy-target-hosts",
            "comparison_operator": "GreaterThanOrEqualToThreshold",
            "datapoints_to_alarm": 0,
            "dimensions": {
              "LoadBalancer": "app/tkt-capstone-alb/51e8a6b0f4a9a28f",
              "TargetGroup": "targetgroup/tkt-capstone-tg/9344be6f7573d2c1"
            },
            "evaluate_low_sample_count_percentiles": "",
            "evaluation_periods": 1,
            "extended_statistic": "",
            "id": "tkt-capstone-unhealthy-target-hosts",
            "insufficient_data_actions": null,
            "metric_name": "UnHealthyHostCount",
            "metric_query": [],
            "namespace": "AWS/ApplicationELB",
            "ok_actions": null,
            "period": 60,
            "statistic": "Average",
            "tags": null,
            "tags_all": {
              "CostCenter": "Education-Capstone",
              "Environment": "dev",
              "ManagedBy": "Terraform",
              "Owner": "Capstone-Engineering",
              "Project": "TicketDesk"
            },
            "threshold": 1,
            "threshold_metric_id": "",
            "treat_missing_data": "missing",
            "unit": ""
          },
          "sensitive_attributes": [],
          "private": "eyJzY2hlbWFfdmVyc2lvbiI6IjEifQ==",
          "dependencies": [
            "aws_lb.main",
            "aws_lb_target_group.app",
            "aws_security_group.alb",
            "aws_sns_topic.alerts",
            "aws_subnet.public",
            "aws_vpc.main"
          ]
        }
      ]
    },
    {
      "mode": "managed",
      "type": "aws_ecr_repository",
      "name": "backend",
      "provider": "provider[\"registry.terraform.io/hashicorp/aws\"]",
      "instances": [
        {
          "schema_version": 0,
          "attributes": {
            "arn": "arn:aws:ecr:us-east-1:088668668282:repository/ticketdesk-backend",
            "encryption_configuration": [
              {
                "encryption_type": "AES256",
                "kms_key": ""
              }
            ],
            "force_delete": true,
            "id": "ticketdesk-backend",
            "image_scanning_configuration": [
              {
                "scan_on_push": true
              }
            ],
            "image_tag_mutability": "MUTABLE",
            "name": "ticketdesk-backend",
            "registry_id": "088668668282",
            "repository_url": "088668668282.dkr.ecr.us-east-1.amazonaws.com/ticketdesk-backend",
            "tags": {
              "Environment": "dev",
              "Name": "tkt-capstone-ecr-backend"
            },
            "tags_all": {
              "CostCenter": "Education-Capstone",
              "Environment": "dev",
              "ManagedBy": "Terraform",
              "Name": "tkt-capstone-ecr-backend",
              "Owner": "Capstone-Engineering",
              "Project": "TicketDesk"
            },
            "timeouts": null
          },
          "sensitive_attributes": [],
          "private": "eyJlMmJmYjczMC1lY2FhLTExZTYtOGY4OC0zNDM2M2JjN2M0YzAiOnsiZGVsZXRlIjoxMjAwMDAwMDAwMDAwfX0="
        }
      ]
    },
    {
      "mode": "managed",
      "type": "aws_ecs_cluster",
      "name": "main",
      "provider": "provider[\"registry.terraform.io/hashicorp/aws\"]",
      "instances": [
        {
          "schema_version": 0,
          "attributes": {
            "arn": "arn:aws:ecs:us-east-1:088668668282:cluster/tkt-capstone-cluster",
            "configuration": [],
            "id": "arn:aws:ecs:us-east-1:088668668282:cluster/tkt-capstone-cluster",
            "name": "tkt-capstone-cluster",
            "service_connect_defaults": [],
            "setting": [
              {
                "name": "containerInsights",
                "value": "enabled"
              }
            ],
            "tags": {},
            "tags_all": {
              "CostCenter": "Education-Capstone",
              "Environment": "dev",
              "ManagedBy": "Terraform",
              "Owner": "Capstone-Engineering",
              "Project": "TicketDesk"
            }
          },
          "sensitive_attributes": [],
          "private": "bnVsbA=="
        }
      ]
    },
    {
      "mode": "managed",
      "type": "aws_eip",
      "name": "nat",
      "provider": "provider[\"registry.terraform.io/hashicorp/aws\"]",
      "instances": [
        {
          "schema_version": 0,
          "attributes": {
            "address": null,
            "allocation_id": "eipalloc-0230b0491df974250",
            "arn": "arn:aws:ec2:us-east-1:088668668282:elastic-ip/eipalloc-0230b0491df974250",
            "associate_with_private_ip": null,
            "association_id": "",
            "carrier_ip": "",
            "customer_owned_ip": "",
            "customer_owned_ipv4_pool": "",
            "domain": "vpc",
            "id": "eipalloc-0230b0491df974250",
            "instance": "",
            "ipam_pool_id": null,
            "network_border_group": "us-east-1",
            "network_interface": "",
            "private_dns": null,
            "private_ip": "",
            "ptr_record": "",
            "public_dns": "ec2-32-193-83-100.compute-1.amazonaws.com",
            "public_ip": "32.193.83.100",
            "public_ipv4_pool": "amazon",
            "tags": {
              "Name": "tkt-capstone-nat-eip"
            },
            "tags_all": {
              "CostCenter": "Education-Capstone",
              "Environment": "dev",
              "ManagedBy": "Terraform",
              "Name": "tkt-capstone-nat-eip",
              "Owner": "Capstone-Engineering",
              "Project": "TicketDesk"
            },
            "timeouts": null,
            "vpc": true
          },
          "sensitive_attributes": [],
          "private": "eyJlMmJmYjczMC1lY2FhLTExZTYtOGY4OC0zNDM2M2JjN2M0YzAiOnsiZGVsZXRlIjoxODAwMDAwMDAwMDAsInJlYWQiOjkwMDAwMDAwMDAwMCwidXBkYXRlIjozMDAwMDAwMDAwMDB9fQ==",
          "dependencies": [
            "aws_internet_gateway.igw",
            "aws_vpc.main"
          ]
        }
      ]
    },
    {
      "mode": "managed",
      "type": "aws_iam_role",
      "name": "ecs_execution_role",
      "provider": "provider[\"registry.terraform.io/hashicorp/aws\"]",
      "instances": [
        {
          "schema_version": 0,
          "attributes": {
            "arn": "arn:aws:iam::088668668282:role/tkt-capstone-ecs-execution-role",
            "assume_role_policy": "{\"Statement\":[{\"Action\":\"sts:AssumeRole\",\"Effect\":\"Allow\",\"Principal\":{\"Service\":\"ecs-tasks.amazonaws.com\"}}],\"Version\":\"2012-10-17\"}",
            "create_date": "2026-08-16T18:56:27Z",
            "description": "",
            "force_detach_policies": false,
            "id": "tkt-capstone-ecs-execution-role",
            "inline_policy": [
              {
                "name": "tkt-capstone-secrets-policy",
                "policy": "{\"Version\":\"2012-10-17\",\"Statement\":[{\"Action\":[\"secretsmanager:GetSecretValue\",\"ssm:GetParameters\"],\"Effect\":\"Allow\",\"Resource\":[\"arn:aws:secretsmanager:us-east-1:088668668282:secret:tkt-capstone-db-secret-20260816185626159400000003-370y8z\",\"arn:aws:ssm:us-east-1:088668668282:parameter/tkt-capstone/JWT_SECRET\"]}]}"
              }
            ],
            "managed_policy_arns": [
              "arn:aws:iam::aws:policy/service-role/AmazonECSTaskExecutionRolePolicy"
            ],
            "max_session_duration": 3600,
            "name": "tkt-capstone-ecs-execution-role",
            "name_prefix": "",
            "path": "/",
            "permissions_boundary": "",
            "tags": {},
            "tags_all": {
              "CostCenter": "Education-Capstone",
              "Environment": "dev",
              "ManagedBy": "Terraform",
              "Owner": "Capstone-Engineering",
              "Project": "TicketDesk"
            },
            "unique_id": "AROARJJIQQF5O6HVTCKE6"
          },
          "sensitive_attributes": [],
          "private": "bnVsbA=="
        }
      ]
    },
    {
      "mode": "managed",
      "type": "aws_iam_role",
      "name": "ecs_task_role",
      "provider": "provider[\"registry.terraform.io/hashicorp/aws\"]",
      "instances": [
        {
          "schema_version": 0,
          "attributes": {
            "arn": "arn:aws:iam::088668668282:role/tkt-capstone-ecs-task-role",
            "assume_role_policy": "{\"Statement\":[{\"Action\":\"sts:AssumeRole\",\"Effect\":\"Allow\",\"Principal\":{\"Service\":\"ecs-tasks.amazonaws.com\"}}],\"Version\":\"2012-10-17\"}",
            "create_date": "2026-08-16T18:56:26Z",
            "description": "",
            "force_detach_policies": false,
            "id": "tkt-capstone-ecs-task-role",
            "inline_policy": [],
            "managed_policy_arns": [],
            "max_session_duration": 3600,
            "name": "tkt-capstone-ecs-task-role",
            "name_prefix": "",
            "path": "/",
            "permissions_boundary": "",
            "tags": {},
            "tags_all": {
              "CostCenter": "Education-Capstone",
              "Environment": "dev",
              "ManagedBy": "Terraform",
              "Owner": "Capstone-Engineering",
              "Project": "TicketDesk"
            },
            "unique_id": "AROARJJIQQF5F4F5JVY2O"
          },
          "sensitive_attributes": [],
          "private": "bnVsbA=="
        }
      ]
    },
    {
      "mode": "managed",
      "type": "aws_iam_role",
      "name": "lambda_role",
      "provider": "provider[\"registry.terraform.io/hashicorp/aws\"]",
      "instances": [
        {
          "schema_version": 0,
          "attributes": {
            "arn": "arn:aws:iam::088668668282:role/tkt-capstone-lambda-role",
            "assume_role_policy": "{\"Statement\":[{\"Action\":\"sts:AssumeRole\",\"Effect\":\"Allow\",\"Principal\":{\"Service\":\"lambda.amazonaws.com\"}}],\"Version\":\"2012-10-17\"}",
            "create_date": "2026-08-16T18:56:27Z",
            "description": "",
            "force_detach_policies": false,
            "id": "tkt-capstone-lambda-role",
            "inline_policy": [],
            "managed_policy_arns": [
              "arn:aws:iam::aws:policy/AmazonS3FullAccess",
              "arn:aws:iam::aws:policy/service-role/AWSLambdaBasicExecutionRole"
            ],
            "max_session_duration": 3600,
            "name": "tkt-capstone-lambda-role",
            "name_prefix": "",
            "path": "/",
            "permissions_boundary": "",
            "tags": {},
            "tags_all": {
              "CostCenter": "Education-Capstone",
              "Environment": "dev",
              "ManagedBy": "Terraform",
              "Owner": "Capstone-Engineering",
              "Project": "TicketDesk"
            },
            "unique_id": "AROARJJIQQF5ECUITFZ3M"
          },
          "sensitive_attributes": [],
          "private": "bnVsbA=="
        }
      ]
    },
    {
      "mode": "managed",
      "type": "aws_iam_role_policy",
      "name": "ecs_execution_secrets_policy",
      "provider": "provider[\"registry.terraform.io/hashicorp/aws\"]",
      "instances": [
        {
          "schema_version": 0,
          "attributes": {
            "id": "tkt-capstone-ecs-execution-role:tkt-capstone-secrets-policy",
            "name": "tkt-capstone-secrets-policy",
            "name_prefix": "",
            "policy": "{\"Version\":\"2012-10-17\",\"Statement\":[{\"Action\":[\"secretsmanager:GetSecretValue\",\"ssm:GetParameters\"],\"Effect\":\"Allow\",\"Resource\":[\"arn:aws:secretsmanager:us-east-1:088668668282:secret:tkt-capstone-db-secret-20260816185626159400000003-370y8z\",\"arn:aws:ssm:us-east-1:088668668282:parameter/tkt-capstone/JWT_SECRET\"]}]}",
            "role": "tkt-capstone-ecs-execution-role"
          },
          "sensitive_attributes": [],
          "private": "bnVsbA==",
          "dependencies": [
            "aws_iam_role.ecs_execution_role",
            "aws_secretsmanager_secret.db_credentials",
            "aws_ssm_parameter.jwt_secret"
          ]
        }
      ]
    },
    {
      "mode": "managed",
      "type": "aws_iam_role_policy_attachment",
      "name": "ecs_execution_policy",
      "provider": "provider[\"registry.terraform.io/hashicorp/aws\"]",
      "instances": [
        {
          "schema_version": 0,
          "attributes": {
            "id": "tkt-capstone-ecs-execution-role-20260816185628545800000006",
            "policy_arn": "arn:aws:iam::aws:policy/service-role/AmazonECSTaskExecutionRolePolicy",
            "role": "tkt-capstone-ecs-execution-role"
          },
          "sensitive_attributes": [],
          "private": "bnVsbA==",
          "dependencies": [
            "aws_iam_role.ecs_execution_role"
          ]
        }
      ]
    },
    {
      "mode": "managed",
      "type": "aws_iam_role_policy_attachment",
      "name": "lambda_basic",
      "provider": "provider[\"registry.terraform.io/hashicorp/aws\"]",
      "instances": [
        {
          "schema_version": 0,
          "attributes": {
            "id": "tkt-capstone-lambda-role-20260816185629174700000008",
            "policy_arn": "arn:aws:iam::aws:policy/service-role/AWSLambdaBasicExecutionRole",
            "role": "tkt-capstone-lambda-role"
          },
          "sensitive_attributes": [],
          "private": "bnVsbA==",
          "dependencies": [
            "aws_iam_role.lambda_role"
          ]
        }
      ]
    },
    {
      "mode": "managed",
      "type": "aws_iam_role_policy_attachment",
      "name": "lambda_s3",
      "provider": "provider[\"registry.terraform.io/hashicorp/aws\"]",
      "instances": [
        {
          "schema_version": 0,
          "attributes": {
            "id": "tkt-capstone-lambda-role-20260816185628823000000007",
            "policy_arn": "arn:aws:iam::aws:policy/AmazonS3FullAccess",
            "role": "tkt-capstone-lambda-role"
          },
          "sensitive_attributes": [],
          "private": "bnVsbA==",
          "dependencies": [
            "aws_iam_role.lambda_role"
          ]
        }
      ]
    },
    {
      "mode": "managed",
      "type": "aws_internet_gateway",
      "name": "igw",
      "provider": "provider[\"registry.terraform.io/hashicorp/aws\"]",
      "instances": [
        {
          "schema_version": 0,
          "attributes": {
            "arn": "arn:aws:ec2:us-east-1:088668668282:internet-gateway/igw-029bb9b15bfa5701f",
            "id": "igw-029bb9b15bfa5701f",
            "owner_id": "088668668282",
            "tags": {
              "Name": "tkt-capstone-igw"
            },
            "tags_all": {
              "CostCenter": "Education-Capstone",
              "Environment": "dev",
              "ManagedBy": "Terraform",
              "Name": "tkt-capstone-igw",
              "Owner": "Capstone-Engineering",
              "Project": "TicketDesk"
            },
            "timeouts": null,
            "vpc_id": "vpc-01c2960d7587b714b"
          },
          "sensitive_attributes": [],
          "private": "eyJlMmJmYjczMC1lY2FhLTExZTYtOGY4OC0zNDM2M2JjN2M0YzAiOnsiY3JlYXRlIjoxMjAwMDAwMDAwMDAwLCJkZWxldGUiOjEyMDAwMDAwMDAwMDAsInVwZGF0ZSI6MTIwMDAwMDAwMDAwMH19",
          "dependencies": [
            "aws_vpc.main"
          ]
        }
      ]
    },
    {
      "mode": "managed",
      "type": "aws_lambda_function",
      "name": "thumbnail",
      "provider": "provider[\"registry.terraform.io/hashicorp/aws\"]",
      "instances": [
        {
          "schema_version": 0,
          "attributes": {
            "architectures": [
              "x86_64"
            ],
            "arn": "arn:aws:lambda:us-east-1:088668668282:function:tkt-capstone-thumbnail-generator",
            "code_sha256": "CiU1koUV+Xb9Ry6UgLTMw+R6o3rDpMn0qcIT3csjECE=",
            "code_signing_config_arn": "",
            "dead_letter_config": [],
            "description": "",
            "environment": [],
            "ephemeral_storage": [
              {
                "size": 512
              }
            ],
            "file_system_config": [],
            "filename": "./../lambda/thumbnail.zip",
            "function_name": "tkt-capstone-thumbnail-generator",
            "handler": "index.handler",
            "id": "tkt-capstone-thumbnail-generator",
            "image_config": [],
            "image_uri": "",
            "invoke_arn": "arn:aws:apigateway:us-east-1:lambda:path/2015-03-31/functions/arn:aws:lambda:us-east-1:088668668282:function:tkt-capstone-thumbnail-generator/invocations",
            "kms_key_arn": "",
            "last_modified": "2026-08-16T18:56:38.700+0000",
            "layers": [],
            "logging_config": [
              {
                "application_log_level": "",
                "log_format": "Text",
                "log_group": "/aws/lambda/tkt-capstone-thumbnail-generator",
                "system_log_level": ""
              }
            ],
            "memory_size": 512,
            "package_type": "Zip",
            "publish": false,
            "qualified_arn": "arn:aws:lambda:us-east-1:088668668282:function:tkt-capstone-thumbnail-generator:$LATEST",
            "qualified_invoke_arn": "arn:aws:apigateway:us-east-1:lambda:path/2015-03-31/functions/arn:aws:lambda:us-east-1:088668668282:function:tkt-capstone-thumbnail-generator:$LATEST/invocations",
            "replace_security_groups_on_destroy": null,
            "replacement_security_group_ids": null,
            "reserved_concurrent_executions": -1,
            "role": "arn:aws:iam::088668668282:role/tkt-capstone-lambda-role",
            "runtime": "nodejs18.x",
            "s3_bucket": null,
            "s3_key": null,
            "s3_object_version": null,
            "signing_job_arn": "",
            "signing_profile_version_arn": "",
            "skip_destroy": false,
            "snap_start": [],
            "source_code_hash": "CiU1koUV+Xb9Ry6UgLTMw+R6o3rDpMn0qcIT3csjECE=",
            "source_code_size": 1312,
            "tags": {
              "Environment": "dev",
              "Name": "tkt-capstone-thumbnail-lambda"
            },
            "tags_all": {
              "CostCenter": "Education-Capstone",
              "Environment": "dev",
              "ManagedBy": "Terraform",
              "Name": "tkt-capstone-thumbnail-lambda",
              "Owner": "Capstone-Engineering",
              "Project": "TicketDesk"
            },
            "timeout": 30,
            "timeouts": null,
            "tracing_config": [
              {
                "mode": "PassThrough"
              }
            ],
            "version": "$LATEST",
            "vpc_config": []
          },
          "sensitive_attributes": [],
          "private": "eyJlMmJmYjczMC1lY2FhLTExZTYtOGY4OC0zNDM2M2JjN2M0YzAiOnsiY3JlYXRlIjo2MDAwMDAwMDAwMDAsImRlbGV0ZSI6NjAwMDAwMDAwMDAwLCJ1cGRhdGUiOjYwMDAwMDAwMDAwMH19",
          "dependencies": [
            "aws_iam_role.lambda_role",
            "data.archive_file.lambda_zip"
          ]
        }
      ]
    },
    {
      "mode": "managed",
      "type": "aws_lambda_permission",
      "name": "allow_s3",
      "provider": "provider[\"registry.terraform.io/hashicorp/aws\"]",
      "instances": [
        {
          "schema_version": 0,
          "attributes": {
            "action": "lambda:InvokeFunction",
            "event_source_token": null,
            "function_name": "tkt-capstone-thumbnail-generator",
            "function_url_auth_type": null,
            "id": "AllowExecutionFromS3",
            "principal": "s3.amazonaws.com",
            "principal_org_id": null,
            "qualifier": "",
            "source_account": null,
            "source_arn": "arn:aws:s3:::ticketdesk-attachments-20260816185624901900000002",
            "statement_id": "AllowExecutionFromS3",
            "statement_id_prefix": ""
          },
          "sensitive_attributes": [],
          "private": "bnVsbA==",
          "dependencies": [
            "aws_iam_role.lambda_role",
            "aws_lambda_function.thumbnail",
            "aws_s3_bucket.attachments_bucket",
            "data.archive_file.lambda_zip"
          ]
        }
      ]
    },
    {
      "mode": "managed",
      "type": "aws_lb",
      "name": "main",
      "provider": "provider[\"registry.terraform.io/hashicorp/aws\"]",
      "instances": [
        {
          "schema_version": 0,
          "attributes": {
            "access_logs": [
              {
                "bucket": "",
                "enabled": false,
                "prefix": ""
              }
            ],
            "arn": "arn:aws:elasticloadbalancing:us-east-1:088668668282:loadbalancer/app/tkt-capstone-alb/51e8a6b0f4a9a28f",
            "arn_suffix": "app/tkt-capstone-alb/51e8a6b0f4a9a28f",
            "client_keep_alive": 3600,
            "connection_logs": [
              {
                "bucket": "",
                "enabled": false,
                "prefix": ""
              }
            ],
            "customer_owned_ipv4_pool": "",
            "desync_mitigation_mode": "defensive",
            "dns_name": "tkt-capstone-alb-843667127.us-east-1.elb.amazonaws.com",
            "dns_record_client_routing_policy": null,
            "drop_invalid_header_fields": false,
            "enable_cross_zone_load_balancing": true,
            "enable_deletion_protection": false,
            "enable_http2": true,
            "enable_tls_version_and_cipher_suite_headers": false,
            "enable_waf_fail_open": false,
            "enable_xff_client_port": false,
            "enable_zonal_shift": false,
            "enforce_security_group_inbound_rules_on_private_link_traffic": "",
            "id": "arn:aws:elasticloadbalancing:us-east-1:088668668282:loadbalancer/app/tkt-capstone-alb/51e8a6b0f4a9a28f",
            "idle_timeout": 60,
            "internal": false,
            "ip_address_type": "ipv4",
            "ipam_pools": [],
            "load_balancer_type": "application",
            "minimum_load_balancer_capacity": [],
            "name": "tkt-capstone-alb",
            "name_prefix": "",
            "preserve_host_header": false,
            "security_groups": [
              "sg-0395ff60217115a1c"
            ],
            "subnet_mapping": [
              {
                "allocation_id": "",
                "ipv6_address": "",
                "outpost_id": "",
                "private_ipv4_address": "",
                "subnet_id": "subnet-00e3fc4aca380c16b"
              },
              {
                "allocation_id": "",
                "ipv6_address": "",
                "outpost_id": "",
                "private_ipv4_address": "",
                "subnet_id": "subnet-03b5ab55d0c1b2715"
              }
            ],
            "subnets": [
              "subnet-00e3fc4aca380c16b",
              "subnet-03b5ab55d0c1b2715"
            ],
            "tags": {
              "Name": "tkt-capstone-alb"
            },
            "tags_all": {
              "CostCenter": "Education-Capstone",
              "Environment": "dev",
              "ManagedBy": "Terraform",
              "Name": "tkt-capstone-alb",
              "Owner": "Capstone-Engineering",
              "Project": "TicketDesk"
            },
            "timeouts": null,
            "vpc_id": "vpc-01c2960d7587b714b",
            "xff_header_processing_mode": "append",
            "zone_id": "Z35SXDOTRQ7X7K"
          },
          "sensitive_attributes": [],
          "private": "eyJlMmJmYjczMC1lY2FhLTExZTYtOGY4OC0zNDM2M2JjN2M0YzAiOnsiY3JlYXRlIjo2MDAwMDAwMDAwMDAsImRlbGV0ZSI6NjAwMDAwMDAwMDAwLCJ1cGRhdGUiOjYwMDAwMDAwMDAwMH19",
          "dependencies": [
            "aws_security_group.alb",
            "aws_subnet.public",
            "aws_vpc.main"
          ]
        }
      ]
    },
    {
      "mode": "managed",
      "type": "aws_lb_listener",
      "name": "front_end",
      "provider": "provider[\"registry.terraform.io/hashicorp/aws\"]",
      "instances": [
        {
          "schema_version": 0,
          "attributes": {
            "alpn_policy": null,
            "arn": "arn:aws:elasticloadbalancing:us-east-1:088668668282:listener/app/tkt-capstone-alb/51e8a6b0f4a9a28f/983d1ac5e72d20d3",
            "certificate_arn": null,
            "default_action": [
              {
                "authenticate_cognito": [],
                "authenticate_oidc": [],
                "fixed_response": [],
                "forward": [],
                "order": 1,
                "redirect": [],
                "target_group_arn": "arn:aws:elasticloadbalancing:us-east-1:088668668282:targetgroup/tkt-capstone-tg/9344be6f7573d2c1",
                "type": "forward"
              }
            ],
            "id": "arn:aws:elasticloadbalancing:us-east-1:088668668282:listener/app/tkt-capstone-alb/51e8a6b0f4a9a28f/983d1ac5e72d20d3",
            "load_balancer_arn": "arn:aws:elasticloadbalancing:us-east-1:088668668282:loadbalancer/app/tkt-capstone-alb/51e8a6b0f4a9a28f",
            "mutual_authentication": [],
            "port": 80,
            "protocol": "HTTP",
            "routing_http_request_x_amzn_mtls_clientcert_header_name": null,
            "routing_http_request_x_amzn_mtls_clientcert_issuer_header_name": null,
            "routing_http_request_x_amzn_mtls_clientcert_leaf_header_name": null,
            "routing_http_request_x_amzn_mtls_clientcert_serial_number_header_name": null,
            "routing_http_request_x_amzn_mtls_clientcert_subject_header_name": null,
            "routing_http_request_x_amzn_mtls_clientcert_validity_header_name": null,
            "routing_http_request_x_amzn_tls_cipher_suite_header_name": null,
            "routing_http_request_x_amzn_tls_version_header_name": null,
            "routing_http_response_access_control_allow_credentials_header_value": "",
            "routing_http_response_access_control_allow_headers_header_value": "",
            "routing_http_response_access_control_allow_methods_header_value": "",
            "routing_http_response_access_control_allow_origin_header_value": "",
            "routing_http_response_access_control_expose_headers_header_value": "",
            "routing_http_response_access_control_max_age_header_value": "",
            "routing_http_response_content_security_policy_header_value": "",
            "routing_http_response_server_enabled": true,
            "routing_http_response_strict_transport_security_header_value": "",
            "routing_http_response_x_content_type_options_header_value": "",
            "routing_http_response_x_frame_options_header_value": "",
            "ssl_policy": "",
            "tags": null,
            "tags_all": {
              "CostCenter": "Education-Capstone",
              "Environment": "dev",
              "ManagedBy": "Terraform",
              "Owner": "Capstone-Engineering",
              "Project": "TicketDesk"
            },
            "tcp_idle_timeout_seconds": null,
            "timeouts": null
          },
          "sensitive_attributes": [],
          "private": "eyJlMmJmYjczMC1lY2FhLTExZTYtOGY4OC0zNDM2M2JjN2M0YzAiOnsiY3JlYXRlIjozMDAwMDAwMDAwMDAsInVwZGF0ZSI6MzAwMDAwMDAwMDAwfX0=",
          "dependencies": [
            "aws_lb.main",
            "aws_lb_target_group.app",
            "aws_security_group.alb",
            "aws_subnet.public",
            "aws_vpc.main"
          ]
        }
      ]
    },
    {
      "mode": "managed",
      "type": "aws_lb_target_group",
      "name": "app",
      "provider": "provider[\"registry.terraform.io/hashicorp/aws\"]",
      "instances": [
        {
          "schema_version": 0,
          "attributes": {
            "arn": "arn:aws:elasticloadbalancing:us-east-1:088668668282:targetgroup/tkt-capstone-tg/9344be6f7573d2c1",
            "arn_suffix": "targetgroup/tkt-capstone-tg/9344be6f7573d2c1",
            "connection_termination": null,
            "deregistration_delay": "300",
            "health_check": [
              {
                "enabled": true,
                "healthy_threshold": 2,
                "interval": 15,
                "matcher": "200,201,302",
                "path": "/actuator/health",
                "port": "traffic-port",
                "protocol": "HTTP",
                "timeout": 10,
                "unhealthy_threshold": 5
              }
            ],
            "id": "arn:aws:elasticloadbalancing:us-east-1:088668668282:targetgroup/tkt-capstone-tg/9344be6f7573d2c1",
            "ip_address_type": "ipv4",
            "lambda_multi_value_headers_enabled": false,
            "load_balancer_arns": [],
            "load_balancing_algorithm_type": "round_robin",
            "load_balancing_anomaly_mitigation": "off",
            "load_balancing_cross_zone_enabled": "use_load_balancer_configuration",
            "name": "tkt-capstone-tg",
            "name_prefix": "",
            "port": 8080,
            "preserve_client_ip": null,
            "protocol": "HTTP",
            "protocol_version": "HTTP1",
            "proxy_protocol_v2": false,
            "slow_start": 0,
            "stickiness": [
              {
                "cookie_duration": 86400,
                "cookie_name": "",
                "enabled": false,
                "type": "lb_cookie"
              }
            ],
            "tags": {
              "Name": "tkt-capstone-tg"
            },
            "tags_all": {
              "CostCenter": "Education-Capstone",
              "Environment": "dev",
              "ManagedBy": "Terraform",
              "Name": "tkt-capstone-tg",
              "Owner": "Capstone-Engineering",
              "Project": "TicketDesk"
            },
            "target_failover": [
              {
                "on_deregistration": null,
                "on_unhealthy": null
              }
            ],
            "target_group_health": [
              {
                "dns_failover": [
                  {
                    "minimum_healthy_targets_count": "1",
                    "minimum_healthy_targets_percentage": "off"
                  }
                ],
                "unhealthy_state_routing": [
                  {
                    "minimum_healthy_targets_count": 1,
                    "minimum_healthy_targets_percentage": "off"
                  }
                ]
              }
            ],
            "target_health_state": [
              {
                "enable_unhealthy_connection_termination": null,
                "unhealthy_draining_interval": null
              }
            ],
            "target_type": "ip",
            "vpc_id": "vpc-01c2960d7587b714b"
          },
          "sensitive_attributes": [],
          "private": "bnVsbA==",
          "dependencies": [
            "aws_vpc.main"
          ],
          "create_before_destroy": true
        }
      ]
    },
    {
      "mode": "managed",
      "type": "aws_nat_gateway",
      "name": "nat",
      "provider": "provider[\"registry.terraform.io/hashicorp/aws\"]",
      "instances": [
        {
          "schema_version": 0,
          "attributes": {
            "allocation_id": "eipalloc-0230b0491df974250",
            "association_id": "eipassoc-039e97f4f63319db3",
            "connectivity_type": "public",
            "id": "nat-09238411ffa4a7819",
            "network_interface_id": "eni-090c134cf40527394",
            "private_ip": "10.0.1.211",
            "public_ip": "32.193.83.100",
            "secondary_allocation_ids": null,
            "secondary_private_ip_address_count": 0,
            "secondary_private_ip_addresses": [],
            "subnet_id": "subnet-03b5ab55d0c1b2715",
            "tags": {
              "Name": "tkt-capstone-nat-gw"
            },
            "tags_all": {
              "CostCenter": "Education-Capstone",
              "Environment": "dev",
              "ManagedBy": "Terraform",
              "Name": "tkt-capstone-nat-gw",
              "Owner": "Capstone-Engineering",
              "Project": "TicketDesk"
            },
            "timeouts": null
          },
          "sensitive_attributes": [],
          "private": "eyJlMmJmYjczMC1lY2FhLTExZTYtOGY4OC0zNDM2M2JjN2M0YzAiOnsiY3JlYXRlIjo2MDAwMDAwMDAwMDAsImRlbGV0ZSI6MTgwMDAwMDAwMDAwMCwidXBkYXRlIjo2MDAwMDAwMDAwMDB9fQ==",
          "dependencies": [
            "aws_eip.nat",
            "aws_internet_gateway.igw",
            "aws_subnet.public",
            "aws_vpc.main"
          ]
        }
      ]
    },
    {
      "mode": "managed",
      "type": "aws_route_table",
      "name": "private",
      "provider": "provider[\"registry.terraform.io/hashicorp/aws\"]",
      "instances": [
        {
          "schema_version": 0,
          "attributes": {
            "arn": "arn:aws:ec2:us-east-1:088668668282:route-table/rtb-0cfb654d5ae44afb0",
            "id": "rtb-0cfb654d5ae44afb0",
            "owner_id": "088668668282",
            "propagating_vgws": [],
            "route": [
              {
                "carrier_gateway_id": "",
                "cidr_block": "0.0.0.0/0",
                "core_network_arn": "",
                "destination_prefix_list_id": "",
                "egress_only_gateway_id": "",
                "gateway_id": "",
                "ipv6_cidr_block": "",
                "local_gateway_id": "",
                "nat_gateway_id": "nat-09238411ffa4a7819",
                "network_interface_id": "",
                "transit_gateway_id": "",
                "vpc_endpoint_id": "",
                "vpc_peering_connection_id": ""
              }
            ],
            "tags": {
              "Name": "tkt-capstone-priv-rt"
            },
            "tags_all": {
              "CostCenter": "Education-Capstone",
              "Environment": "dev",
              "ManagedBy": "Terraform",
              "Name": "tkt-capstone-priv-rt",
              "Owner": "Capstone-Engineering",
              "Project": "TicketDesk"
            },
            "timeouts": null,
            "vpc_id": "vpc-01c2960d7587b714b"
          },
          "sensitive_attributes": [],
          "private": "eyJlMmJmYjczMC1lY2FhLTExZTYtOGY4OC0zNDM2M2JjN2M0YzAiOnsiY3JlYXRlIjozMDAwMDAwMDAwMDAsImRlbGV0ZSI6MzAwMDAwMDAwMDAwLCJ1cGRhdGUiOjEyMDAwMDAwMDAwMH19",
          "dependencies": [
            "aws_eip.nat",
            "aws_internet_gateway.igw",
            "aws_nat_gateway.nat",
            "aws_subnet.public",
            "aws_vpc.main"
          ]
        }
      ]
    },
    {
      "mode": "managed",
      "type": "aws_route_table",
      "name": "public",
      "provider": "provider[\"registry.terraform.io/hashicorp/aws\"]",
      "instances": [
        {
          "schema_version": 0,
          "attributes": {
            "arn": "arn:aws:ec2:us-east-1:088668668282:route-table/rtb-0081d6c6850060eee",
            "id": "rtb-0081d6c6850060eee",
            "owner_id": "088668668282",
            "propagating_vgws": [],
            "route": [
              {
                "carrier_gateway_id": "",
                "cidr_block": "0.0.0.0/0",
                "core_network_arn": "",
                "destination_prefix_list_id": "",
                "egress_only_gateway_id": "",
                "gateway_id": "igw-029bb9b15bfa5701f",
                "ipv6_cidr_block": "",
                "local_gateway_id": "",
                "nat_gateway_id": "",
                "network_interface_id": "",
                "transit_gateway_id": "",
                "vpc_endpoint_id": "",
                "vpc_peering_connection_id": ""
              }
            ],
            "tags": {
              "Name": "tkt-capstone-pub-rt"
            },
            "tags_all": {
              "CostCenter": "Education-Capstone",
              "Environment": "dev",
              "ManagedBy": "Terraform",
              "Name": "tkt-capstone-pub-rt",
              "Owner": "Capstone-Engineering",
              "Project": "TicketDesk"
            },
            "timeouts": null,
            "vpc_id": "vpc-01c2960d7587b714b"
          },
          "sensitive_attributes": [],
          "private": "eyJlMmJmYjczMC1lY2FhLTExZTYtOGY4OC0zNDM2M2JjN2M0YzAiOnsiY3JlYXRlIjozMDAwMDAwMDAwMDAsImRlbGV0ZSI6MzAwMDAwMDAwMDAwLCJ1cGRhdGUiOjEyMDAwMDAwMDAwMH19",
          "dependencies": [
            "aws_internet_gateway.igw",
            "aws_vpc.main"
          ]
        }
      ]
    },
    {
      "mode": "managed",
      "type": "aws_route_table_association",
      "name": "private",
      "provider": "provider[\"registry.terraform.io/hashicorp/aws\"]",
      "instances": [
        {
          "index_key": 0,
          "schema_version": 0,
          "attributes": {
            "gateway_id": "",
            "id": "rtbassoc-046484c1092ab59a5",
            "route_table_id": "rtb-0cfb654d5ae44afb0",
            "subnet_id": "subnet-048408b508591f7e1",
            "timeouts": null
          },
          "sensitive_attributes": [],
          "private": "eyJlMmJmYjczMC1lY2FhLTExZTYtOGY4OC0zNDM2M2JjN2M0YzAiOnsiY3JlYXRlIjozMDAwMDAwMDAwMDAsImRlbGV0ZSI6MzAwMDAwMDAwMDAwLCJ1cGRhdGUiOjEyMDAwMDAwMDAwMH19",
          "dependencies": [
            "aws_eip.nat",
            "aws_internet_gateway.igw",
            "aws_nat_gateway.nat",
            "aws_route_table.private",
            "aws_subnet.private",
            "aws_subnet.public",
            "aws_vpc.main"
          ]
        },
        {
          "index_key": 1,
          "schema_version": 0,
          "attributes": {
            "gateway_id": "",
            "id": "rtbassoc-0d33bcaec9a7212ee",
            "route_table_id": "rtb-0cfb654d5ae44afb0",
            "subnet_id": "subnet-0a423ce394ec6aec1",
            "timeouts": null
          },
          "sensitive_attributes": [],
          "private": "eyJlMmJmYjczMC1lY2FhLTExZTYtOGY4OC0zNDM2M2JjN2M0YzAiOnsiY3JlYXRlIjozMDAwMDAwMDAwMDAsImRlbGV0ZSI6MzAwMDAwMDAwMDAwLCJ1cGRhdGUiOjEyMDAwMDAwMDAwMH19",
          "dependencies": [
            "aws_eip.nat",
            "aws_internet_gateway.igw",
            "aws_nat_gateway.nat",
            "aws_route_table.private",
            "aws_subnet.private",
            "aws_subnet.public",
            "aws_vpc.main"
          ]
        }
      ]
    },
    {
      "mode": "managed",
      "type": "aws_route_table_association",
      "name": "public",
      "provider": "provider[\"registry.terraform.io/hashicorp/aws\"]",
      "instances": [
        {
          "index_key": 0,
          "schema_version": 0,
          "attributes": {
            "gateway_id": "",
            "id": "rtbassoc-01e546b72ee9ca3ec",
            "route_table_id": "rtb-0081d6c6850060eee",
            "subnet_id": "subnet-03b5ab55d0c1b2715",
            "timeouts": null
          },
          "sensitive_attributes": [],
          "private": "eyJlMmJmYjczMC1lY2FhLTExZTYtOGY4OC0zNDM2M2JjN2M0YzAiOnsiY3JlYXRlIjozMDAwMDAwMDAwMDAsImRlbGV0ZSI6MzAwMDAwMDAwMDAwLCJ1cGRhdGUiOjEyMDAwMDAwMDAwMH19",
          "dependencies": [
            "aws_internet_gateway.igw",
            "aws_route_table.public",
            "aws_subnet.public",
            "aws_vpc.main"
          ]
        },
        {
          "index_key": 1,
          "schema_version": 0,
          "attributes": {
            "gateway_id": "",
            "id": "rtbassoc-01a8eda47ca803ee7",
            "route_table_id": "rtb-0081d6c6850060eee",
            "subnet_id": "subnet-00e3fc4aca380c16b",
            "timeouts": null
          },
          "sensitive_attributes": [],
          "private": "eyJlMmJmYjczMC1lY2FhLTExZTYtOGY4OC0zNDM2M2JjN2M0YzAiOnsiY3JlYXRlIjozMDAwMDAwMDAwMDAsImRlbGV0ZSI6MzAwMDAwMDAwMDAwLCJ1cGRhdGUiOjEyMDAwMDAwMDAwMH19",
          "dependencies": [
            "aws_internet_gateway.igw",
            "aws_route_table.public",
            "aws_subnet.public",
            "aws_vpc.main"
          ]
        }
      ]
    },
    {
      "mode": "managed",
      "type": "aws_s3_bucket",
      "name": "attachments_bucket",
      "provider": "provider[\"registry.terraform.io/hashicorp/aws\"]",
      "instances": [
        {
          "schema_version": 0,
          "attributes": {
            "acceleration_status": "",
            "acl": null,
            "arn": "arn:aws:s3:::ticketdesk-attachments-20260816185624901900000002",
            "bucket": "ticketdesk-attachments-20260816185624901900000002",
            "bucket_domain_name": "ticketdesk-attachments-20260816185624901900000002.s3.amazonaws.com",
            "bucket_prefix": "ticketdesk-attachments-",
            "bucket_regional_domain_name": "ticketdesk-attachments-20260816185624901900000002.s3.us-east-1.amazonaws.com",
            "cors_rule": [],
            "force_destroy": true,
            "grant": [
              {
                "id": "7873afecec75e58d9d9fb9b7cf826d4259fb0f5cc683dc7c49e9dde19462e039",
                "permissions": [
                  "FULL_CONTROL"
                ],
                "type": "CanonicalUser",
                "uri": ""
              }
            ],
            "hosted_zone_id": "Z3AQBSTGFYJSTF",
            "id": "ticketdesk-attachments-20260816185624901900000002",
            "lifecycle_rule": [],
            "logging": [],
            "object_lock_configuration": [],
            "object_lock_enabled": false,
            "policy": "",
            "region": "us-east-1",
            "replication_configuration": [],
            "request_payer": "BucketOwner",
            "server_side_encryption_configuration": [
              {
                "rule": [
                  {
                    "apply_server_side_encryption_by_default": [
                      {
                        "kms_master_key_id": "",
                        "sse_algorithm": "AES256"
                      }
                    ],
                    "bucket_key_enabled": false
                  }
                ]
              }
            ],
            "tags": {
              "Environment": "dev",
              "Name": "tkt-capstone-attachments-bucket"
            },
            "tags_all": {
              "CostCenter": "Education-Capstone",
              "Environment": "dev",
              "ManagedBy": "Terraform",
              "Name": "tkt-capstone-attachments-bucket",
              "Owner": "Capstone-Engineering",
              "Project": "TicketDesk"
            },
            "timeouts": null,
            "versioning": [
              {
                "enabled": false,
                "mfa_delete": false
              }
            ],
            "website": [],
            "website_domain": null,
            "website_endpoint": null
          },
          "sensitive_attributes": [],
          "private": "eyJlMmJmYjczMC1lY2FhLTExZTYtOGY4OC0zNDM2M2JjN2M0YzAiOnsiY3JlYXRlIjoxMjAwMDAwMDAwMDAwLCJkZWxldGUiOjM2MDAwMDAwMDAwMDAsInJlYWQiOjEyMDAwMDAwMDAwMDAsInVwZGF0ZSI6MTIwMDAwMDAwMDAwMH19"
        }
      ]
    },
    {
      "mode": "managed",
      "type": "aws_s3_bucket",
      "name": "frontend_bucket",
      "provider": "provider[\"registry.terraform.io/hashicorp/aws\"]",
      "instances": [
        {
          "schema_version": 0,
          "attributes": {
            "acceleration_status": "",
            "acl": null,
            "arn": "arn:aws:s3:::ticketdesk-ui-frontend-20260816185624901700000001",
            "bucket": "ticketdesk-ui-frontend-20260816185624901700000001",
            "bucket_domain_name": "ticketdesk-ui-frontend-20260816185624901700000001.s3.amazonaws.com",
            "bucket_prefix": "ticketdesk-ui-frontend-",
            "bucket_regional_domain_name": "ticketdesk-ui-frontend-20260816185624901700000001.s3.us-east-1.amazonaws.com",
            "cors_rule": [],
            "force_destroy": true,
            "grant": [
              {
                "id": "7873afecec75e58d9d9fb9b7cf826d4259fb0f5cc683dc7c49e9dde19462e039",
                "permissions": [
                  "FULL_CONTROL"
                ],
                "type": "CanonicalUser",
                "uri": ""
              }
            ],
            "hosted_zone_id": "Z3AQBSTGFYJSTF",
            "id": "ticketdesk-ui-frontend-20260816185624901700000001",
            "lifecycle_rule": [],
            "logging": [],
            "object_lock_configuration": [],
            "object_lock_enabled": false,
            "policy": "{\"Statement\":[{\"Action\":\"s3:GetObject\",\"Effect\":\"Allow\",\"Principal\":\"*\",\"Resource\":\"arn:aws:s3:::ticketdesk-ui-frontend-20260816185624901700000001/*\",\"Sid\":\"PublicReadGetObject\"}],\"Version\":\"2012-10-17\"}",
            "region": "us-east-1",
            "replication_configuration": [],
            "request_payer": "BucketOwner",
            "server_side_encryption_configuration": [
              {
                "rule": [
                  {
                    "apply_server_side_encryption_by_default": [
                      {
                        "kms_master_key_id": "",
                        "sse_algorithm": "AES256"
                      }
                    ],
                    "bucket_key_enabled": false
                  }
                ]
              }
            ],
            "tags": {
              "Environment": "dev",
              "Name": "tkt-capstone-frontend-bucket"
            },
            "tags_all": {
              "CostCenter": "Education-Capstone",
              "Environment": "dev",
              "ManagedBy": "Terraform",
              "Name": "tkt-capstone-frontend-bucket",
              "Owner": "Capstone-Engineering",
              "Project": "TicketDesk"
            },
            "timeouts": null,
            "versioning": [
              {
                "enabled": false,
                "mfa_delete": false
              }
            ],
            "website": [
              {
                "error_document": "index.html",
                "index_document": "index.html",
                "redirect_all_requests_to": "",
                "routing_rules": ""
              }
            ],
            "website_domain": "s3-website-us-east-1.amazonaws.com",
            "website_endpoint": "ticketdesk-ui-frontend-20260816185624901700000001.s3-website-us-east-1.amazonaws.com"
          },
          "sensitive_attributes": [],
          "private": "eyJlMmJmYjczMC1lY2FhLTExZTYtOGY4OC0zNDM2M2JjN2M0YzAiOnsiY3JlYXRlIjoxMjAwMDAwMDAwMDAwLCJkZWxldGUiOjM2MDAwMDAwMDAwMDAsInJlYWQiOjEyMDAwMDAwMDAwMDAsInVwZGF0ZSI6MTIwMDAwMDAwMDAwMH19"
        }
      ]
    },
    {
      "mode": "managed",
      "type": "aws_s3_bucket_notification",
      "name": "bucket_notification",
      "provider": "provider[\"registry.terraform.io/hashicorp/aws\"]",
      "instances": [
        {
          "schema_version": 0,
          "attributes": {
            "bucket": "ticketdesk-attachments-20260816185624901900000002",
            "eventbridge": false,
            "id": "ticketdesk-attachments-20260816185624901900000002",
            "lambda_function": [
              {
                "events": [
                  "s3:ObjectCreated:*"
                ],
                "filter_prefix": "uploads/",
                "filter_suffix": "",
                "id": "tf-s3-lambda-20260816185646416800000009",
                "lambda_function_arn": "arn:aws:lambda:us-east-1:088668668282:function:tkt-capstone-thumbnail-generator"
              }
            ],
            "queue": [],
            "topic": []
          },
          "sensitive_attributes": [],
          "private": "bnVsbA==",
          "dependencies": [
            "aws_iam_role.lambda_role",
            "aws_lambda_function.thumbnail",
            "aws_lambda_permission.allow_s3",
            "aws_s3_bucket.attachments_bucket",
            "data.archive_file.lambda_zip"
          ]
        }
      ]
    },
    {
      "mode": "managed",
      "type": "aws_s3_bucket_policy",
      "name": "frontend_policy",
      "provider": "provider[\"registry.terraform.io/hashicorp/aws\"]",
      "instances": [
        {
          "schema_version": 0,
          "attributes": {
            "bucket": "ticketdesk-ui-frontend-20260816185624901700000001",
            "id": "ticketdesk-ui-frontend-20260816185624901700000001",
            "policy": "{\"Statement\":[{\"Action\":\"s3:GetObject\",\"Effect\":\"Allow\",\"Principal\":\"*\",\"Resource\":\"arn:aws:s3:::ticketdesk-ui-frontend-20260816185624901700000001/*\",\"Sid\":\"PublicReadGetObject\"}],\"Version\":\"2012-10-17\"}"
          },
          "sensitive_attributes": [],
          "private": "bnVsbA==",
          "dependencies": [
            "aws_s3_bucket.frontend_bucket",
            "aws_s3_bucket_public_access_block.frontend"
          ]
        }
      ]
    },
    {
      "mode": "managed",
      "type": "aws_s3_bucket_public_access_block",
      "name": "attachments",
      "provider": "provider[\"registry.terraform.io/hashicorp/aws\"]",
      "instances": [
        {
          "schema_version": 0,
          "attributes": {
            "block_public_acls": true,
            "block_public_policy": true,
            "bucket": "ticketdesk-attachments-20260816185624901900000002",
            "id": "ticketdesk-attachments-20260816185624901900000002",
            "ignore_public_acls": true,
            "restrict_public_buckets": true
          },
          "sensitive_attributes": [],
          "private": "bnVsbA==",
          "dependencies": [
            "aws_s3_bucket.attachments_bucket"
          ]
        }
      ]
    },
    {
      "mode": "managed",
      "type": "aws_s3_bucket_public_access_block",
      "name": "frontend",
      "provider": "provider[\"registry.terraform.io/hashicorp/aws\"]",
      "instances": [
        {
          "schema_version": 0,
          "attributes": {
            "block_public_acls": false,
            "block_public_policy": false,
            "bucket": "ticketdesk-ui-frontend-20260816185624901700000001",
            "id": "ticketdesk-ui-frontend-20260816185624901700000001",
            "ignore_public_acls": false,
            "restrict_public_buckets": false
          },
          "sensitive_attributes": [],
          "private": "bnVsbA==",
          "dependencies": [
            "aws_s3_bucket.frontend_bucket"
          ]
        }
      ]
    },
    {
      "mode": "managed",
      "type": "aws_s3_bucket_website_configuration",
      "name": "frontend",
      "provider": "provider[\"registry.terraform.io/hashicorp/aws\"]",
      "instances": [
        {
          "schema_version": 0,
          "attributes": {
            "bucket": "ticketdesk-ui-frontend-20260816185624901700000001",
            "error_document": [
              {
                "key": "index.html"
              }
            ],
            "expected_bucket_owner": "",
            "id": "ticketdesk-ui-frontend-20260816185624901700000001",
            "index_document": [
              {
                "suffix": "index.html"
              }
            ],
            "redirect_all_requests_to": [],
            "routing_rule": [],
            "routing_rules": "",
            "website_domain": "s3-website-us-east-1.amazonaws.com",
            "website_endpoint": "ticketdesk-ui-frontend-20260816185624901700000001.s3-website-us-east-1.amazonaws.com"
          },
          "sensitive_attributes": [],
          "private": "bnVsbA==",
          "dependencies": [
            "aws_s3_bucket.frontend_bucket"
          ]
        }
      ]
    },
    {
      "mode": "managed",
      "type": "aws_secretsmanager_secret",
      "name": "db_credentials",
      "provider": "provider[\"registry.terraform.io/hashicorp/aws\"]",
      "instances": [
        {
          "schema_version": 0,
          "attributes": {
            "arn": "arn:aws:secretsmanager:us-east-1:088668668282:secret:tkt-capstone-db-secret-20260816185626159400000003-370y8z",
            "description": "",
            "force_overwrite_replica_secret": false,
            "id": "arn:aws:secretsmanager:us-east-1:088668668282:secret:tkt-capstone-db-secret-20260816185626159400000003-370y8z",
            "kms_key_id": "",
            "name": "tkt-capstone-db-secret-20260816185626159400000003",
            "name_prefix": "tkt-capstone-db-secret-",
            "policy": "",
            "recovery_window_in_days": 0,
            "replica": [],
            "tags": {
              "Name": "tkt-capstone-db-secret"
            },
            "tags_all": {
              "CostCenter": "Education-Capstone",
              "Environment": "dev",
              "ManagedBy": "Terraform",
              "Name": "tkt-capstone-db-secret",
              "Owner": "Capstone-Engineering",
              "Project": "TicketDesk"
            }
          },
          "sensitive_attributes": [],
          "private": "bnVsbA=="
        }
      ]
    },
    {
      "mode": "managed",
      "type": "aws_secretsmanager_secret_version",
      "name": "db_credentials",
      "provider": "provider[\"registry.terraform.io/hashicorp/aws\"]",
      "instances": [
        {
          "schema_version": 0,
          "attributes": {
            "arn": "arn:aws:secretsmanager:us-east-1:088668668282:secret:tkt-capstone-db-secret-20260816185626159400000003-370y8z",
            "has_secret_string_wo": null,
            "id": "arn:aws:secretsmanager:us-east-1:088668668282:secret:tkt-capstone-db-secret-20260816185626159400000003-370y8z|terraform-20260816185628116900000005",
            "secret_binary": "",
            "secret_id": "arn:aws:secretsmanager:us-east-1:088668668282:secret:tkt-capstone-db-secret-20260816185626159400000003-370y8z",
            "secret_string": "{\"dbname\":\"ticketdesk_db\",\"password\":\"-Z[_EZQ52-5E*jf(\",\"username\":\"ticketdesk_admin\"}",
            "secret_string_wo": null,
            "secret_string_wo_version": null,
            "version_id": "terraform-20260816185628116900000005",
            "version_stages": [
              "AWSCURRENT"
            ]
          },
          "sensitive_attributes": [
            [
              {
                "type": "get_attr",
                "value": "secret_string"
              }
            ]
          ],
          "private": "bnVsbA==",
          "dependencies": [
            "aws_secretsmanager_secret.db_credentials",
            "random_password.db_password"
          ]
        }
      ]
    },
    {
      "mode": "managed",
      "type": "aws_security_group",
      "name": "alb",
      "provider": "provider[\"registry.terraform.io/hashicorp/aws\"]",
      "instances": [
        {
          "schema_version": 1,
          "attributes": {
            "arn": "arn:aws:ec2:us-east-1:088668668282:security-group/sg-0395ff60217115a1c",
            "description": "Allows HTTP inbound web traffic to Load Balancer",
            "egress": [
              {
                "cidr_blocks": [
                  "0.0.0.0/0"
                ],
                "description": "Allow all outbound traffic",
                "from_port": 0,
                "ipv6_cidr_blocks": [],
                "prefix_list_ids": [],
                "protocol": "-1",
                "security_groups": [],
                "self": false,
                "to_port": 0
              }
            ],
            "id": "sg-0395ff60217115a1c",
            "ingress": [
              {
                "cidr_blocks": [
                  "0.0.0.0/0"
                ],
                "description": "Allow HTTP from anywhere",
                "from_port": 80,
                "ipv6_cidr_blocks": [],
                "prefix_list_ids": [],
                "protocol": "tcp",
                "security_groups": [],
                "self": false,
                "to_port": 80
              }
            ],
            "name": "tkt-capstone-alb-sg",
            "name_prefix": "",
            "owner_id": "088668668282",
            "revoke_rules_on_delete": false,
            "tags": {
              "Name": "tkt-capstone-alb-sg"
            },
            "tags_all": {
              "CostCenter": "Education-Capstone",
              "Environment": "dev",
              "ManagedBy": "Terraform",
              "Name": "tkt-capstone-alb-sg",
              "Owner": "Capstone-Engineering",
              "Project": "TicketDesk"
            },
            "timeouts": null,
            "vpc_id": "vpc-01c2960d7587b714b"
          },
          "sensitive_attributes": [],
          "private": "eyJlMmJmYjczMC1lY2FhLTExZTYtOGY4OC0zNDM2M2JjN2M0YzAiOnsiY3JlYXRlIjo2MDAwMDAwMDAwMDAsImRlbGV0ZSI6OTAwMDAwMDAwMDAwfSwic2NoZW1hX3ZlcnNpb24iOiIxIn0=",
          "dependencies": [
            "aws_vpc.main"
          ]
        }
      ]
    },
    {
      "mode": "managed",
      "type": "aws_security_group",
      "name": "ecs_tasks",
      "provider": "provider[\"registry.terraform.io/hashicorp/aws\"]",
      "instances": [
        {
          "schema_version": 1,
          "attributes": {
            "arn": "arn:aws:ec2:us-east-1:088668668282:security-group/sg-08b46a7b71c85551f",
            "description": "Allows inbound traffic to application container ONLY from ALB Security Group",
            "egress": [
              {
                "cidr_blocks": [
                  "0.0.0.0/0"
                ],
                "description": "Allow outbound internet access for image pulls \u0026 AWS service calls",
                "from_port": 0,
                "ipv6_cidr_blocks": [],
                "prefix_list_ids": [],
                "protocol": "-1",
                "security_groups": [],
                "self": false,
                "to_port": 0
              }
            ],
            "id": "sg-08b46a7b71c85551f",
            "ingress": [
              {
                "cidr_blocks": [],
                "description": "Allow container port traffic strictly from ALB",
                "from_port": 8080,
                "ipv6_cidr_blocks": [],
                "prefix_list_ids": [],
                "protocol": "tcp",
                "security_groups": [
                  "sg-0395ff60217115a1c"
                ],
                "self": false,
                "to_port": 8080
              }
            ],
            "name": "tkt-capstone-ecs-tasks-sg",
            "name_prefix": "",
            "owner_id": "088668668282",
            "revoke_rules_on_delete": false,
            "tags": {
              "Name": "tkt-capstone-ecs-tasks-sg"
            },
            "tags_all": {
              "CostCenter": "Education-Capstone",
              "Environment": "dev",
              "ManagedBy": "Terraform",
              "Name": "tkt-capstone-ecs-tasks-sg",
              "Owner": "Capstone-Engineering",
              "Project": "TicketDesk"
            },
            "timeouts": null,
            "vpc_id": "vpc-01c2960d7587b714b"
          },
          "sensitive_attributes": [],
          "private": "eyJlMmJmYjczMC1lY2FhLTExZTYtOGY4OC0zNDM2M2JjN2M0YzAiOnsiY3JlYXRlIjo2MDAwMDAwMDAwMDAsImRlbGV0ZSI6OTAwMDAwMDAwMDAwfSwic2NoZW1hX3ZlcnNpb24iOiIxIn0=",
          "dependencies": [
            "aws_security_group.alb",
            "aws_vpc.main"
          ]
        }
      ]
    },
    {
      "mode": "managed",
      "type": "aws_security_group",
      "name": "rds",
      "provider": "provider[\"registry.terraform.io/hashicorp/aws\"]",
      "instances": [
        {
          "schema_version": 1,
          "attributes": {
            "arn": "arn:aws:ec2:us-east-1:088668668282:security-group/sg-02623c64084bda99d",
            "description": "Allows MySQL 3306 inbound traffic ONLY from ECS tasks security group",
            "egress": [
              {
                "cidr_blocks": [
                  "0.0.0.0/0"
                ],
                "description": "Allow outbound response traffic",
                "from_port": 0,
                "ipv6_cidr_blocks": [],
                "prefix_list_ids": [],
                "protocol": "-1",
                "security_groups": [],
                "self": false,
                "to_port": 0
              }
            ],
            "id": "sg-02623c64084bda99d",
            "ingress": [
              {
                "cidr_blocks": [],
                "description": "MySQL port strictly from ECS tasks",
                "from_port": 3306,
                "ipv6_cidr_blocks": [],
                "prefix_list_ids": [],
                "protocol": "tcp",
                "security_groups": [
                  "sg-08b46a7b71c85551f"
                ],
                "self": false,
                "to_port": 3306
              }
            ],
            "name": "tkt-capstone-rds-sg",
            "name_prefix": "",
            "owner_id": "088668668282",
            "revoke_rules_on_delete": false,
            "tags": {
              "Name": "tkt-capstone-rds-sg"
            },
            "tags_all": {
              "CostCenter": "Education-Capstone",
              "Environment": "dev",
              "ManagedBy": "Terraform",
              "Name": "tkt-capstone-rds-sg",
              "Owner": "Capstone-Engineering",
              "Project": "TicketDesk"
            },
            "timeouts": null,
            "vpc_id": "vpc-01c2960d7587b714b"
          },
          "sensitive_attributes": [],
          "private": "eyJlMmJmYjczMC1lY2FhLTExZTYtOGY4OC0zNDM2M2JjN2M0YzAiOnsiY3JlYXRlIjo2MDAwMDAwMDAwMDAsImRlbGV0ZSI6OTAwMDAwMDAwMDAwfSwic2NoZW1hX3ZlcnNpb24iOiIxIn0=",
          "dependencies": [
            "aws_security_group.alb",
            "aws_security_group.ecs_tasks",
            "aws_vpc.main"
          ]
        }
      ]
    },
    {
      "mode": "managed",
      "type": "aws_sns_topic",
      "name": "alerts",
      "provider": "provider[\"registry.terraform.io/hashicorp/aws\"]",
      "instances": [
        {
          "schema_version": 0,
          "attributes": {
            "application_failure_feedback_role_arn": "",
            "application_success_feedback_role_arn": "",
            "application_success_feedback_sample_rate": 0,
            "archive_policy": "",
            "arn": "arn:aws:sns:us-east-1:088668668282:tkt-capstone-cloudwatch-alerts-topic",
            "beginning_archive_time": "",
            "content_based_deduplication": false,
            "delivery_policy": "",
            "display_name": "",
            "fifo_throughput_scope": "",
            "fifo_topic": false,
            "firehose_failure_feedback_role_arn": "",
            "firehose_success_feedback_role_arn": "",
            "firehose_success_feedback_sample_rate": 0,
            "http_failure_feedback_role_arn": "",
            "http_success_feedback_role_arn": "",
            "http_success_feedback_sample_rate": 0,
            "id": "arn:aws:sns:us-east-1:088668668282:tkt-capstone-cloudwatch-alerts-topic",
            "kms_master_key_id": "",
            "lambda_failure_feedback_role_arn": "",
            "lambda_success_feedback_role_arn": "",
            "lambda_success_feedback_sample_rate": 0,
            "name": "tkt-capstone-cloudwatch-alerts-topic",
            "name_prefix": "",
            "owner": "088668668282",
            "policy": "{\"Id\":\"__default_policy_ID\",\"Statement\":[{\"Action\":[\"SNS:GetTopicAttributes\",\"SNS:SetTopicAttributes\",\"SNS:AddPermission\",\"SNS:RemovePermission\",\"SNS:DeleteTopic\",\"SNS:Subscribe\",\"SNS:ListSubscriptionsByTopic\",\"SNS:Publish\"],\"Condition\":{\"StringEquals\":{\"AWS:SourceOwner\":\"088668668282\"}},\"Effect\":\"Allow\",\"Principal\":{\"AWS\":\"*\"},\"Resource\":\"arn:aws:sns:us-east-1:088668668282:tkt-capstone-cloudwatch-alerts-topic\",\"Sid\":\"__default_statement_ID\"}],\"Version\":\"2008-10-17\"}",
            "signature_version": 0,
            "sqs_failure_feedback_role_arn": "",
            "sqs_success_feedback_role_arn": "",
            "sqs_success_feedback_sample_rate": 0,
            "tags": {},
            "tags_all": {
              "CostCenter": "Education-Capstone",
              "Environment": "dev",
              "ManagedBy": "Terraform",
              "Owner": "Capstone-Engineering",
              "Project": "TicketDesk"
            },
            "tracing_config": ""
          },
          "sensitive_attributes": [],
          "private": "bnVsbA=="
        }
      ]
    },
    {
      "mode": "managed",
      "type": "aws_ssm_parameter",
      "name": "jwt_secret",
      "provider": "provider[\"registry.terraform.io/hashicorp/aws\"]",
      "instances": [
        {
          "schema_version": 0,
          "attributes": {
            "allowed_pattern": "",
            "arn": "arn:aws:ssm:us-east-1:088668668282:parameter/tkt-capstone/JWT_SECRET",
            "data_type": "text",
            "description": "",
            "has_value_wo": null,
            "id": "/tkt-capstone/JWT_SECRET",
            "insecure_value": null,
            "key_id": "alias/aws/ssm",
            "name": "/tkt-capstone/JWT_SECRET",
            "overwrite": true,
            "tags": {
              "Name": "tkt-capstone-jwt-secret-param"
            },
            "tags_all": {
              "CostCenter": "Education-Capstone",
              "Environment": "dev",
              "ManagedBy": "Terraform",
              "Name": "tkt-capstone-jwt-secret-param",
              "Owner": "Capstone-Engineering",
              "Project": "TicketDesk"
            },
            "tier": "Standard",
            "type": "SecureString",
            "value": "404E635266556A586E3272357538782F413F4428472B4B6250645367566B5970",
            "value_wo": null,
            "value_wo_version": null,
            "version": 6
          },
          "sensitive_attributes": [],
          "private": "bnVsbA=="
        }
      ]
    },
    {
      "mode": "managed",
      "type": "aws_subnet",
      "name": "private",
      "provider": "provider[\"registry.terraform.io/hashicorp/aws\"]",
      "instances": [
        {
          "index_key": 0,
          "schema_version": 1,
          "attributes": {
            "arn": "arn:aws:ec2:us-east-1:088668668282:subnet/subnet-048408b508591f7e1",
            "assign_ipv6_address_on_creation": false,
            "availability_zone": "us-east-1a",
            "availability_zone_id": "use1-az1",
            "cidr_block": "10.0.11.0/24",
            "customer_owned_ipv4_pool": "",
            "enable_dns64": false,
            "enable_lni_at_device_index": 0,
            "enable_resource_name_dns_a_record_on_launch": false,
            "enable_resource_name_dns_aaaa_record_on_launch": false,
            "id": "subnet-048408b508591f7e1",
            "ipv6_cidr_block": "",
            "ipv6_cidr_block_association_id": "",
            "ipv6_native": false,
            "map_customer_owned_ip_on_launch": false,
            "map_public_ip_on_launch": false,
            "outpost_arn": "",
            "owner_id": "088668668282",
            "private_dns_hostname_type_on_launch": "ip-name",
            "tags": {
              "Name": "tkt-capstone-private-subnet-1"
            },
            "tags_all": {
              "CostCenter": "Education-Capstone",
              "Environment": "dev",
              "ManagedBy": "Terraform",
              "Name": "tkt-capstone-private-subnet-1",
              "Owner": "Capstone-Engineering",
              "Project": "TicketDesk"
            },
            "timeouts": null,
            "vpc_id": "vpc-01c2960d7587b714b"
          },
          "sensitive_attributes": [],
          "private": "eyJlMmJmYjczMC1lY2FhLTExZTYtOGY4OC0zNDM2M2JjN2M0YzAiOnsiY3JlYXRlIjo2MDAwMDAwMDAwMDAsImRlbGV0ZSI6MTIwMDAwMDAwMDAwMH0sInNjaGVtYV92ZXJzaW9uIjoiMSJ9",
          "dependencies": [
            "aws_vpc.main"
          ]
        },
        {
          "index_key": 1,
          "schema_version": 1,
          "attributes": {
            "arn": "arn:aws:ec2:us-east-1:088668668282:subnet/subnet-0a423ce394ec6aec1",
            "assign_ipv6_address_on_creation": false,
            "availability_zone": "us-east-1b",
            "availability_zone_id": "use1-az2",
            "cidr_block": "10.0.12.0/24",
            "customer_owned_ipv4_pool": "",
            "enable_dns64": false,
            "enable_lni_at_device_index": 0,
            "enable_resource_name_dns_a_record_on_launch": false,
            "enable_resource_name_dns_aaaa_record_on_launch": false,
            "id": "subnet-0a423ce394ec6aec1",
            "ipv6_cidr_block": "",
            "ipv6_cidr_block_association_id": "",
            "ipv6_native": false,
            "map_customer_owned_ip_on_launch": false,
            "map_public_ip_on_launch": false,
            "outpost_arn": "",
            "owner_id": "088668668282",
            "private_dns_hostname_type_on_launch": "ip-name",
            "tags": {
              "Name": "tkt-capstone-private-subnet-2"
            },
            "tags_all": {
              "CostCenter": "Education-Capstone",
              "Environment": "dev",
              "ManagedBy": "Terraform",
              "Name": "tkt-capstone-private-subnet-2",
              "Owner": "Capstone-Engineering",
              "Project": "TicketDesk"
            },
            "timeouts": null,
            "vpc_id": "vpc-01c2960d7587b714b"
          },
          "sensitive_attributes": [],
          "private": "eyJlMmJmYjczMC1lY2FhLTExZTYtOGY4OC0zNDM2M2JjN2M0YzAiOnsiY3JlYXRlIjo2MDAwMDAwMDAwMDAsImRlbGV0ZSI6MTIwMDAwMDAwMDAwMH0sInNjaGVtYV92ZXJzaW9uIjoiMSJ9",
          "dependencies": [
            "aws_vpc.main"
          ]
        }
      ]
    },
    {
      "mode": "managed",
      "type": "aws_subnet",
      "name": "public",
      "provider": "provider[\"registry.terraform.io/hashicorp/aws\"]",
      "instances": [
        {
          "index_key": 0,
          "schema_version": 1,
          "attributes": {
            "arn": "arn:aws:ec2:us-east-1:088668668282:subnet/subnet-03b5ab55d0c1b2715",
            "assign_ipv6_address_on_creation": false,
            "availability_zone": "us-east-1a",
            "availability_zone_id": "use1-az1",
            "cidr_block": "10.0.1.0/24",
            "customer_owned_ipv4_pool": "",
            "enable_dns64": false,
            "enable_lni_at_device_index": 0,
            "enable_resource_name_dns_a_record_on_launch": false,
            "enable_resource_name_dns_aaaa_record_on_launch": false,
            "id": "subnet-03b5ab55d0c1b2715",
            "ipv6_cidr_block": "",
            "ipv6_cidr_block_association_id": "",
            "ipv6_native": false,
            "map_customer_owned_ip_on_launch": false,
            "map_public_ip_on_launch": true,
            "outpost_arn": "",
            "owner_id": "088668668282",
            "private_dns_hostname_type_on_launch": "ip-name",
            "tags": {
              "Name": "tkt-capstone-public-subnet-1"
            },
            "tags_all": {
              "CostCenter": "Education-Capstone",
              "Environment": "dev",
              "ManagedBy": "Terraform",
              "Name": "tkt-capstone-public-subnet-1",
              "Owner": "Capstone-Engineering",
              "Project": "TicketDesk"
            },
            "timeouts": null,
            "vpc_id": "vpc-01c2960d7587b714b"
          },
          "sensitive_attributes": [],
          "private": "eyJlMmJmYjczMC1lY2FhLTExZTYtOGY4OC0zNDM2M2JjN2M0YzAiOnsiY3JlYXRlIjo2MDAwMDAwMDAwMDAsImRlbGV0ZSI6MTIwMDAwMDAwMDAwMH0sInNjaGVtYV92ZXJzaW9uIjoiMSJ9",
          "dependencies": [
            "aws_vpc.main"
          ]
        },
        {
          "index_key": 1,
          "schema_version": 1,
          "attributes": {
            "arn": "arn:aws:ec2:us-east-1:088668668282:subnet/subnet-00e3fc4aca380c16b",
            "assign_ipv6_address_on_creation": false,
            "availability_zone": "us-east-1b",
            "availability_zone_id": "use1-az2",
            "cidr_block": "10.0.2.0/24",
            "customer_owned_ipv4_pool": "",
            "enable_dns64": false,
            "enable_lni_at_device_index": 0,
            "enable_resource_name_dns_a_record_on_launch": false,
            "enable_resource_name_dns_aaaa_record_on_launch": false,
            "id": "subnet-00e3fc4aca380c16b",
            "ipv6_cidr_block": "",
            "ipv6_cidr_block_association_id": "",
            "ipv6_native": false,
            "map_customer_owned_ip_on_launch": false,
            "map_public_ip_on_launch": true,
            "outpost_arn": "",
            "owner_id": "088668668282",
            "private_dns_hostname_type_on_launch": "ip-name",
            "tags": {
              "Name": "tkt-capstone-public-subnet-2"
            },
            "tags_all": {
              "CostCenter": "Education-Capstone",
              "Environment": "dev",
              "ManagedBy": "Terraform",
              "Name": "tkt-capstone-public-subnet-2",
              "Owner": "Capstone-Engineering",
              "Project": "TicketDesk"
            },
            "timeouts": null,
            "vpc_id": "vpc-01c2960d7587b714b"
          },
          "sensitive_attributes": [],
          "private": "eyJlMmJmYjczMC1lY2FhLTExZTYtOGY4OC0zNDM2M2JjN2M0YzAiOnsiY3JlYXRlIjo2MDAwMDAwMDAwMDAsImRlbGV0ZSI6MTIwMDAwMDAwMDAwMH0sInNjaGVtYV92ZXJzaW9uIjoiMSJ9",
          "dependencies": [
            "aws_vpc.main"
          ]
        }
      ]
    },
    {
      "mode": "managed",
      "type": "aws_vpc",
      "name": "main",
      "provider": "provider[\"registry.terraform.io/hashicorp/aws\"]",
      "instances": [
        {
          "schema_version": 1,
          "attributes": {
            "arn": "arn:aws:ec2:us-east-1:088668668282:vpc/vpc-01c2960d7587b714b",
            "assign_generated_ipv6_cidr_block": false,
            "cidr_block": "10.0.0.0/16",
            "default_network_acl_id": "acl-0b5c53088cf7650a4",
            "default_route_table_id": "rtb-059af92800c7716d5",
            "default_security_group_id": "sg-03ec8e91dfab4ef03",
            "dhcp_options_id": "dopt-0a3f40f7d15cd475d",
            "enable_dns_hostnames": true,
            "enable_dns_support": true,
            "enable_network_address_usage_metrics": false,
            "id": "vpc-01c2960d7587b714b",
            "instance_tenancy": "default",
            "ipv4_ipam_pool_id": null,
            "ipv4_netmask_length": null,
            "ipv6_association_id": "",
            "ipv6_cidr_block": "",
            "ipv6_cidr_block_network_border_group": "",
            "ipv6_ipam_pool_id": "",
            "ipv6_netmask_length": 0,
            "main_route_table_id": "rtb-059af92800c7716d5",
            "owner_id": "088668668282",
            "tags": {
              "Name": "tkt-capstone-vpc"
            },
            "tags_all": {
              "CostCenter": "Education-Capstone",
              "Environment": "dev",
              "ManagedBy": "Terraform",
              "Name": "tkt-capstone-vpc",
              "Owner": "Capstone-Engineering",
              "Project": "TicketDesk"
            }
          },
          "sensitive_attributes": [],
          "private": "eyJzY2hlbWFfdmVyc2lvbiI6IjEifQ==",
          "create_before_destroy": true
        }
      ]
    },
    {
      "mode": "managed",
      "type": "random_password",
      "name": "db_password",
      "provider": "provider[\"registry.terraform.io/hashicorp/random\"]",
      "instances": [
        {
          "schema_version": 3,
          "attributes": {
            "bcrypt_hash": "$2a$10$dJjqpiPOpug7SByg8KWtw.qKzy9aDexXoaE.QRCPztHeTHNGpuiu2",
            "id": "none",
            "keepers": null,
            "length": 16,
            "lower": true,
            "min_lower": 0,
            "min_numeric": 0,
            "min_special": 0,
            "min_upper": 0,
            "number": true,
            "numeric": true,
            "override_special": "!#$%\u0026*()-_=+[]{}\u003c\u003e:?",
            "result": "-Z[_EZQ52-5E*jf(",
            "special": true,
            "upper": true
          },
          "sensitive_attributes": []
        }
      ]
    }
  ],
  "check_results": null
}
